// !$*UTF8*$!
{
	archiveVersion = 1;
	classes = {
	};
	objectVersion = 46;
	objects = {

/* Begin PBXBuildFile section */
		1DC75BC91CB8FD920002CA4D /* main.m in Sources */ = {isa = PBXBuildFile; fileRef = 1DC75BC81CB8FD920002CA4D /* main.m */; };
		1DC75BCC1CB8FD920002CA4D /* AppDelegate.m in Sources */ = {isa = PBXBuildFile; fileRef = 1DC75BCB1CB8FD920002CA4D /* AppDelegate.m */; };
		1DC75BCF1CB8FD920002CA4D /* SXFatherClassPage.m in Sources */ = {isa = PBXBuildFile; fileRef = 1DC75BCE1CB8FD920002CA4D /* SXFatherClassPage.m */; };
		1DC75BD21CB8FD920002CA4D /* Main.storyboard in Resources */ = {isa = PBXBuildFile; fileRef = 1DC75BD01CB8FD920002CA4D /* Main.storyboard */; };
		1DC75BD41CB8FD920002CA4D /* Assets.xcassets in Resources */ = {isa = PBXBuildFile; fileRef = 1DC75BD31CB8FD920002CA4D /* Assets.xcassets */; };
		1DC75BD71CB8FD920002CA4D /* LaunchScreen.storyboard in Resources */ = {isa = PBXBuildFile; fileRef = 1DC75BD51CB8FD920002CA4D /* LaunchScreen.storyboard */; };
		1DC75BE31CB8FEBE0002CA4D /* SXMessageInteraction.m in Sources */ = {isa = PBXBuildFile; fileRef = 1DC75BE01CB8FEBE0002CA4D /* SXMessageInteraction.m */; };
		1DC75BE41CB8FEBE0002CA4D /* SXMessageTransfer.m in Sources */ = {isa = PBXBuildFile; fileRef = 1DC75BE21CB8FEBE0002CA4D /* SXMessageTransfer.m */; };
		1DC75BE71CB903C50002CA4D /* SXEnterPage.m in Sources */ = {isa = PBXBuildFile; fileRef = 1DC75BE61CB903C50002CA4D /* SXEnterPage.m */; };
		1DC75BEA1CB903EC0002CA4D /* SXHistoryPage.m in Sources */ = {isa = PBXBuildFile; fileRef = 1DC75BE91CB903EC0002CA4D /* SXHistoryPage.m */; };
		1DC75BED1CB904B30002CA4D /* SXContractsPage.m in Sources */ = {isa = PBXBuildFile; fileRef = 1DC75BEC1CB904B30002CA4D /* SXContractsPage.m */; };
		1DC75BF01CB904C10002CA4D /* SXBookmarkPage.m in Sources */ = {isa = PBXBuildFile; fileRef = 1DC75BEF1CB904C10002CA4D /* SXBookmarkPage.m */; };
/* End PBXBuildFile section */

/* Begin PBXFileReference section */
		1DC75BC41CB8FD920002CA4D /* MessageTransferExample.app */ = {isa = PBXFileReference; explicitFileType = wrapper.application; includeInIndex = 0; path = MessageTransferExample.app; sourceTree = BUILT_PRODUCTS_DIR; };
		1DC75BC81CB8FD920002CA4D /* main.m */ = {isa = PBXFileReference; lastKnownFileType = sourcecode.c.objc; path = main.m; sourceTree = "<group>"; };
		1DC75BCA1CB8FD920002CA4D /* AppDelegate.h */ = {isa = PBXFileReference; lastKnownFileType = sourcecode.c.h; path = AppDelegate.h; sourceTree = "<group>"; };
		1DC75BCB1CB8FD920002CA4D /* AppDelegate.m */ = {isa = PBXFileReference; lastKnownFileType = sourcecode.c.objc; path = AppDelegate.m; sourceTree = "<group>"; };
		1DC75BCD1CB8FD920002CA4D /* SXFatherClassPage.h */ = {isa = PBXFileReference; lastKnownFileType = sourcecode.c.h; path = SXFatherClassPage.h; sourceTree = "<group>"; };
		1DC75BCE1CB8FD920002CA4D /* SXFatherClassPage.m */ = {isa = PBXFileReference; lastKnownFileType = sourcecode.c.objc; path = SXFatherClassPage.m; sourceTree = "<group>"; };
		1DC75BD11CB8FD920002CA4D /* Base */ = {isa = PBXFileReference; lastKnownFileType = file.storyboard; name = Base; path = Base.lproj/Main.storyboard; sourceTree = "<group>"; };
		1DC75BD31CB8FD920002CA4D /* Assets.xcassets */ = {isa = PBXFileReference; lastKnownFileType = folder.assetcatalog; path = Assets.xcassets; sourceTree = "<group>"; };
		1DC75BD61CB8FD920002CA4D /* Base */ = {isa = PBXFileReference; lastKnownFileType = file.storyboard; name = Base; path = Base.lproj/LaunchScreen.storyboard; sourceTree = "<group>"; };
		1DC75BD81CB8FD920002CA4D /* Info.plist */ = {isa = PBXFileReference; lastKnownFileType = text.plist.xml; path = Info.plist; sourceTree = "<group>"; };
		1DC75BDF1CB8FEBE0002CA4D /* SXMessageInteraction.h */ = {isa = PBXFileReference; fileEncoding = 4; lastKnownFileType = sourcecode.c.h; path = SXMessageInteraction.h; sourceTree = "<group>"; };
		1DC75BE01CB8FEBE0002CA4D /* SXMessageInteraction.m */ = {isa = PBXFileReference; fileEncoding = 4; lastKnownFileType = sourcecode.c.objc; path = SXMessageInteraction.m; sourceTree = "<group>"; };
		1DC75BE11CB8FEBE0002CA4D /* SXMessageTransfer.h */ = {isa = PBXFileReference; fileEncoding = 4; lastKnownFileType = sourcecode.c.h; path = SXMessageTransfer.h; sourceTree = "<group>"; };
		1DC75BE21CB8FEBE0002CA4D /* SXMessageTransfer.m */ = {isa = PBXFileReference; fileEncoding = 4; lastKnownFileType = sourcecode.c.objc; path = SXMessageTransfer.m; sourceTree = "<group>"; };
		1DC75BE51CB903C50002CA4D /* SXEnterPage.h */ = {isa = PBXFileReference; fileEncoding = 4; lastKnownFileType = sourcecode.c.h; path = SXEnterPage.h; sourceTree = "<group>"; };
		1DC75BE61CB903C50002CA4D /* SXEnterPage.m */ = {isa = PBXFileReference; fileEncoding = 4; lastKnownFileType = sourcecode.c.objc; path = SXEnterPage.m; sourceTree = "<group>"; };
		1DC75BE81CB903EC0002CA4D /* SXHistoryPage.h */ = {isa = PBXFileReference; fileEncoding = 4; lastKnownFileType = sourcecode.c.h; path = SXHistoryPage.h; sourceTree = "<group>"; };
		1DC75BE91CB903EC0002CA4D /* SXHistoryPage.m */ = {isa = PBXFileReference; fileEncoding = 4; lastKnownFileType = sourcecode.c.objc; path = SXHistoryPage.m; sourceTree = "<group>"; };
		1DC75BEB1CB904B30002CA4D /* SXContractsPage.h */ = {isa = PBXFileReference; fileEncoding = 4; lastKnownFileType = sourcecode.c.h; path = SXContractsPage.h; sourceTree = "<group>"; };
		1DC75BEC1CB904B30002CA4D /* SXContractsPage.m */ = {isa = PBXFileReference; fileEncoding = 4; lastKnownFileType = sourcecode.c.objc; path = SXContractsPage.m; sourceTree = "<group>"; };
		1DC75BEE1CB904C10002CA4D /* SXBookmarkPage.h */ = {isa = PBXFileReference; fileEncoding = 4; lastKnownFileType = sourcecode.c.h; path = SXBookmarkPage.h; sourceTree = "<group>"; };
		1DC75BEF1CB904C10002CA4D /* SXBookmarkPage.m */ = {isa = PBXFileReference; fileEncoding = 4; lastKnownFileType = sourcecode.c.objc; path = SXBookmarkPage.m; sourceTree = "<group>"; };
/* End PBXFileReference section */

/* Begin PBXFrameworksBuildPhase section */
		1DC75BC11CB8FD920002CA4D /* Frameworks */ = {
			isa = PBXFrameworksBuildPhase;
			buildActionMask = 2147483647;
			files = (
			);
			runOnlyForDeploymentPostprocessing = 0;
		};
/* End PBXFrameworksBuildPhase section */

/* Begin PBXGroup section */
		1DBBC8BF1D3510B4002FE082 /* Others */ = {
			isa = PBXGroup;
			children = (
				1DC75BC71CB8FD920002CA4D /* Supporting Files */,
				1DC75BE51CB903C50002CA4D /* SXEnterPage.h */,
				1DC75BE61CB903C50002CA4D /* SXEnterPage.m */,
				1DC75BCA1CB8FD920002CA4D /* AppDelegate.h */,
				1DC75BCB1CB8FD920002CA4D /* AppDelegate.m */,
				1DC75BD01CB8FD920002CA4D /* Main.storyboard */,
				1DC75BD31CB8FD920002CA4D /* Assets.xcassets */,
				1DC75BD51CB8FD920002CA4D /* LaunchScreen.storyboard */,
				1DC75BD81CB8FD920002CA4D /* Info.plist */,
			);
			name = Others;
			sourceTree = "<group>";
		};
		1DC75BBB1CB8FD920002CA4D = {
			isa = PBXGroup;
			children = (
				1DC75BC61CB8FD920002CA4D /* MessageTransferExample */,
				1DC75BC51CB8FD920002CA4D /* Products */,
			);
			sourceTree = "<group>";
		};
		1DC75BC51CB8FD920002CA4D /* Products */ = {
			isa = PBXGroup;
			children = (
				1DC75BC41CB8FD920002CA4D /* MessageTransferExample.app */,
			);
			name = Products;
			sourceTree = "<group>";
		};
		1DC75BC61CB8FD920002CA4D /* MessageTransferExample */ = {
			isa = PBXGroup;
			children = (
				1DC75BDE1CB8FEBE0002CA4D /* MessageTransfer */,
				1DC75BCD1CB8FD920002CA4D /* SXFatherClassPage.h */,
				1DC75BCE1CB8FD920002CA4D /* SXFatherClassPage.m */,
				1DC75BE81CB903EC0002CA4D /* SXHistoryPage.h */,
				1DC75BE91CB903EC0002CA4D /* SXHistoryPage.m */,
				1DC75BEB1CB904B30002CA4D /* SXContractsPage.h */,
				1DC75BEC1CB904B30002CA4D /* SXContractsPage.m */,
				1DC75BEE1CB904C10002CA4D /* SXBookmarkPage.h */,
				1DC75BEF1CB904C10002CA4D /* SXBookmarkPage.m */,
				1DBBC8BF1D3510B4002FE082 /* Others */,
			);
			path = MessageTransferExample;
			sourceTree = "<group>";
		};
		1DC75BC71CB8FD920002CA4D /* Supporting Files */ = {
			isa = PBXGroup;
			children = (
				1DC75BC81CB8FD920002CA4D /* main.m */,
			);
			name = "Supporting Files";
			sourceTree = "<group>";
		};
		1DC75BDE1CB8FEBE0002CA4D /* MessageTransfer */ = {
			isa = PBXGroup;
			children = (
				1DC75BDF1CB8FEBE0002CA4D /* SXMessageInteraction.h */,
				1DC75BE01CB8FEBE0002CA4D /* SXMessageInteraction.m */,
				1DC75BE11CB8FEBE0002CA4D /* SXMessageTransfer.h */,
				1DC75BE21CB8FEBE0002CA4D /* SXMessageTransfer.m */,
			);
			name = MessageTransfer;
			path = ../../MessageTransfer;
			sourceTree = "<group>";
		};
/* End PBXGroup section */

/* Begin PBXNativeTarget section */
		1DC75BC31CB8FD920002CA4D /* MessageTransferExample */ = {
			isa = PBXNativeTarget;
			buildConfigurationList = 1DC75BDB1CB8FD920002CA4D /* Build configuration list for PBXNativeTarget "MessageTransferExample" */;
			buildPhases = (
				1DC75BC01CB8FD920002CA4D /* Sources */,
				1DC75BC11CB8FD920002CA4D /* Frameworks */,
				1DC75BC21CB8FD920002CA4D /* Resources */,
			);
			buildRules = (
			);
			dependencies = (
			);
			name = MessageTransferExample;
			productName = MessageTransferExample;
			productReference = 1DC75BC41CB8FD920002CA4D /* MessageTransferExample.app */;
			productType = "com.apple.product-type.application";
		};
/* End PBXNativeTarget section */

/* Begin PBXProject section */
		1DC75BBC1CB8FD920002CA4D /* Project object */ = {
			isa = PBXProject;
			attributes = {
				CLASSPREFIX = SX;
				LastUpgradeCheck = 0720;
				ORGANIZATIONNAME = Sankuai;
				TargetAttributes = {
					1DC75BC31CB8FD920002CA4D = {
						CreatedOnToolsVersion = 7.2;
					};
				};
			};
			buildConfigurationList = 1DC75BBF1CB8FD920002CA4D /* Build configuration list for PBXProject "MessageTransferExample" */;
			compatibilityVersion = "Xcode 3.2";
			developmentRegion = English;
			hasScannedForEncodings = 0;
			knownRegions = (
				en,
				Base,
			);
			mainGroup = 1DC75BBB1CB8FD920002CA4D;
			productRefGroup = 1DC75BC51CB8FD920002CA4D /* Products */;
			projectDirPath = "";
			projectRoot = "";
			targets = (
				1DC75BC31CB8FD920002CA4D /* MessageTransferExample */,
			);
		};
/* End PBXProject section */

/* Begin PBXResourcesBuildPhase section */
		1DC75BC21CB8FD920002CA4D /* Resources */ = {
			isa = PBXResourcesBuildPhase;
			buildActionMask = 2147483647;
			files = (
				1DC75BD71CB8FD920002CA4D /* LaunchScreen.storyboard in Resources */,
				1DC75BD41CB8FD920002CA4D /* Assets.xcassets in Resources */,
				1DC75BD21CB8FD920002CA4D /* Main.storyboard in Resources */,
			);
			runOnlyForDeploymentPostprocessing = 0;
		};
/* End PBXResourcesBuildPhase section */

/* Begin PBXSourcesBuildPhase section */
		1DC75BC01CB8FD920002CA4D /* Sources */ = {
			isa = PBXSourcesBuildPhase;
			buildActionMask = 2147483647;
			files = (
				1DC75BEA1CB903EC0002CA4D /* SXHistoryPage.m in Sources */,
				1DC75BE71CB903C50002CA4D /* SXEnterPage.m in Sources */,
				1DC75BCF1CB8FD920002CA4D /* SXFatherClassPage.m in Sources */,
				1DC75BCC1CB8FD920002CA4D /* AppDelegate.m in Sources */,
				1DC75BF01CB904C10002CA4D /* SXBookmarkPage.m in Sources */,
				1DC75BE31CB8FEBE0002CA4D /* SXMessageInteraction.m in Sources */,
				1DC75BED1CB904B30002CA4D /* SXContractsPage.m in Sources */,
				1DC75BC91CB8FD920002CA4D /* main.m in Sources */,
				1DC75BE41CB8FEBE0002CA4D /* SXMessageTransfer.m in Sources */,
			);
			runOnlyForDeploymentPostprocessing = 0;
		};
/* End PBXSourcesBuildPhase section */

/* Begin PBXVariantGroup section */
		1DC75BD01CB8FD920002CA4D /* Main.storyboard */ = {
			isa = PBXVariantGroup;
			children = (
				1DC75BD11CB8FD920002CA4D /* Base */,
			);
			name = Main.storyboard;
			sourceTree = "<group>";
		};
		1DC75BD51CB8FD920002CA4D /* LaunchScreen.storyboard */ = {
			isa = PBXVariantGroup;
			children = (
				1DC75BD61CB8FD920002CA4D /* Base */,
			);
			name = LaunchScreen.storyboard;
			sourceTree = "<group>";
		};
/* End PBXVariantGroup section */

/* Begin XCBuildConfiguration section */
		1DC75BD91CB8FD920002CA4D /* Debug */ = {
			isa = XCBuildConfiguration;
			buildSettings = {
				ALWAYS_SEARCH_USER_PATHS = NO;
				CLANG_CXX_LANGUAGE_STANDARD = "gnu++0x";
				CLANG_CXX_LIBRARY = "libc++";
				CLANG_ENABLE_MODULES = YES;
				CLANG_ENABLE_OBJC_ARC = YES;
				CLANG_WARN_BOOL_CONVERSION = YES;
				CLANG_WARN_CONSTANT_CONVERSION = YES;
				CLANG_WARN_DIRECT_OBJC_ISA_USAGE = YES_ERROR;
				CLANG_WARN_EMPTY_BODY = YES;
				CLANG_WARN_ENUM_CONVERSION = YES;
				CLANG_WARN_INT_CONVERSION = YES;
				CLANG_WARN_OBJC_ROOT_CLASS = YES_ERROR;
				CLANG_WARN_UNREACHABLE_CODE = YES;
				CLANG_WARN__DUPLICATE_METHOD_MATCH = YES;
				"CODE_SIGN_IDENTITY[sdk=iphoneos*]" = "iPhone Developer";
				COPY_PHASE_STRIP = NO;
				DEBUG_INFORMATION_FORMAT = dwarf;
				ENABLE_STRICT_OBJC_MSGSEND = YES;
				ENABLE_TESTABILITY = YES;
				GCC_C_LANGUAGE_STANDARD = gnu99;
				GCC_DYNAMIC_NO_PIC = NO;
				GCC_NO_COMMON_BLOCKS = YES;
				GCC_OPTIMIZATION_LEVEL = 0;
				GCC_PREPROCESSOR_DEFINITIONS = (
					"DEBUG=1",
					"$(inherited)",
				);
				GCC_WARN_64_TO_32_BIT_CONVERSION = YES;
				GCC_WARN_ABOUT_RETURN_TYPE = YES_ERROR;
				GCC_WARN_UNDECLARED_SELECTOR = YES;
				GCC_WARN_UNINITIALIZED_AUTOS = YES_AGGRESSIVE;
				GCC_WARN_UNUSED_FUNCTION = YES;
				GCC_WARN_UNUSED_VARIABLE = YES;
				IPHONEOS_DEPLOYMENT_TARGET = 9.2;
				MTL_ENABLE_DEBUG_INFO = YES;
				ONLY_ACTIVE_ARCH = YES;
				SDKROOT = iphoneos;
				TARGETED_DEVICE_FAMILY = "1,2";
			};
			name = Debug;
		};
		1DC75BDA1CB8FD920002CA4D /* Release */ = {
			isa = XCBuildConfiguration;
			buildSettings = {
				ALWAYS_SEARCH_USER_PATHS = NO;
				CLANG_CXX_LANGUAGE_STANDARD = "gnu++0x";
				CLANG_CXX_LIBRARY = "libc++";
				CLANG_ENABLE_MODULES = YES;
				CLANG_ENABLE_OBJC_ARC = YES;
				CLANG_WARN_BOOL_CONVERSION = YES;
				CLANG_WARN_CONSTANT_CONVERSION = YES;
				CLANG_WARN_DIRECT_OBJC_ISA_USAGE = YES_ERROR;
				CLANG_WARN_EMPTY_BODY = YES;
				CLANG_WARN_ENUM_CONVERSION = YES;
				CLANG_WARN_INT_CONVERSION = YES;
				CLANG_WARN_OBJC_ROOT_CLASS = YES_ERROR;
				CLANG_WARN_UNREACHABLE_CODE = YES;
				CLANG_WARN__DUPLICATE_METHOD_MATCH = YES;
				"CODE_SIGN_IDENTITY[sdk=iphoneos*]" = "iPhone Developer";
				COPY_PHASE_STRIP = NO;
				DEBUG_INFORMATION_FORMAT = "dwarf-with-dsym";
				ENABLE_NS_ASSERTIONS = NO;
				ENABLE_STRICT_OBJC_MSGSEND = YES;
				GCC_C_LANGUAGE_STANDARD = gnu99;
				GCC_NO_COMMON_BLOCKS = YES;
				GCC_WARN_64_TO_32_BIT_CONVERSION = YES;
				GCC_WARN_ABOUT_RETURN_TYPE = YES_ERROR;
				GCC_WARN_UNDECLARED_SELECTOR = YES;
				GCC_WARN_UNINITIALIZED_AUTOS = YES_AGGRESSIVE;
				GCC_WARN_UNUSED_FUNCTION = YES;
				GCC_WARN_UNUSED_VARIABLE = YES;
				IPHONEOS_DEPLOYMENT_TARGET = 9.2;
				MTL_ENABLE_DEBUG_INFO = NO;
				SDKROOT = iphoneos;
				TARGETED_DEVICE_FAMILY = "1,2";
				VALIDATE_PRODUCT = YES;
			};
			name = Release;
		};
		1DC75BDC1CB8FD920002CA4D /* Debug */ = {
			isa = XCBuildConfiguration;
			buildSettings = {
				ASSETCATALOG_COMPILER_APPICON_NAME = AppIcon;
				INFOPLIST_FILE = MessageTransferExample/Info.plist;
				LD_RUNPATH_SEARCH_PATHS = "$(inherited) @executable_path/Frameworks";
				PRODUCT_BUNDLE_IDENTIFIER = com.Sankuai.MessageTransferExample;
				PRODUCT_NAME = "$(TARGET_NAME)";
			};
			name = Debug;
		};
		1DC75BDD1CB8FD920002CA4D /* Release */ = {
			isa = XCBuildConfiguration;
			buildSettings = {
				ASSETCATALOG_COMPILER_APPICON_NAME = AppIcon;
				INFOPLIST_FILE = MessageTransferExample/Info.plist;
				LD_RUNPATH_SEARCH_PATHS = "$(inherited) @executable_path/Frameworks";
				PRODUCT_BUNDLE_IDENTIFIER = com.Sankuai.MessageTransferExample;
				PRODUCT_NAME = "$(TARGET_NAME)";
			};
			name = Release;
		};
/* End XCBuildConfiguration section */

/* Begin XCConfigurationList section */
		1DC75BBF1CB8FD920002CA4D /* Build configuration list for PBXProject "MessageTransferExample" */ = {
			isa = XCConfigurationList;
			buildConfigurations = (
				1DC75BD91CB8FD920002CA4D /* Debug */,
				1DC75BDA1CB8FD920002CA4D /* Release */,
			);
			defaultConfigurationIsVisible = 0;
			defaultConfigurationName = Release;
		};
		1DC75BDB1CB8FD920002CA4D /* Build configuration list for PBXNativeTarget "MessageTransferExample" */ = {
			isa = XCConfigurationList;
			buildConfigurations = (
				1DC75BDC1CB8FD920002CA4D /* Debug */,
				1DC75BDD1CB8FD920002CA4D /* Release */,
			);
			defaultConfigurationIsVisible = 0;
			defaultConfigurationName = Release;
		};
/* End XCConfigurationList section */
	};
	rootObject = 1DC75BBC1CB8FD920002CA4D /* Project object */;
}
